
Microsoft Visual Studio Solution File, Format Version 12.00
Project("{FAE04EC0-301F-11D3-BF4B-00C04F79EFBC}") = "Converters", "Converters\Converters.csproj", "{EBB21837-B555-4A55-AB80-454E527068A3}"
EndProject
Global
	GlobalSection(SolutionConfigurationPlatforms) = preSolution
		Debug|Any CPU = Debug|Any CPU
		Release|Any CPU = Release|Any CPU
	EndGlobalSection
	GlobalSection(ProjectConfigurationPlatforms) = postSolution
		{EBB21837-B555-4A55-AB80-454E527068A3}.Debug|Any CPU.ActiveCfg = Debug|Any CPU
		{EBB21837-B555-4A55-AB80-454E527068A3}.Debug|Any CPU.Build.0 = Debug|Any CPU
		{EBB21837-B555-4A55-AB80-454E527068A3}.Release|Any CPU.ActiveCfg = Release|Any CPU
		{EBB21837-B555-4A55-AB80-454E527068A3}.Release|Any CPU.Build.0 = Release|Any CPU
	EndGlobalSection
EndGlobal
